{
  "requires": true,
  "lockfileVersion": 1,
  "dependencies": {
    "angular-jwt": {
      "version": "0.1.10",
      "resolved": "https://registry.npmjs.org/angular-jwt/-/angular-jwt-0.1.10.tgz",
      "integrity": "sha512-o+V/OzwNGpS30QmgP7DJWTdBJ2BMDut481qqB72sM0L59dkO6TNjRV7qubQCntGqGe98h9vObweQUVYTfEO4vg=="
    }
  }
}
